
Microsoft Visual Studio Solution File, Format Version 12.00
# Visual Studio Version 16
VisualStudioVersion = 16.0.29424.173
MinimumVisualStudioVersion = 10.0.40219.1
Project("{FAE04EC0-301F-11D3-BF4B-00C04F79EFBC}") = "FootballCoach", "FootballCoach\FootballCoach.csproj", "{6352C050-AEDB-4DF9-85AB-3A250CB76F0C}"
EndProject
Global
	GlobalSection(SolutionConfigurationPlatforms) = preSolution
		Debug|Any CPU = Debug|Any CPU
		Release|Any CPU = Release|Any CPU
	EndGlobalSection
	GlobalSection(ProjectConfigurationPlatforms) = postSolution
		{6352C050-AEDB-4DF9-85AB-3A250CB76F0C}.Debug|Any CPU.ActiveCfg = Debug|Any CPU
		{6352C050-AEDB-4DF9-85AB-3A250CB76F0C}.Debug|Any CPU.Build.0 = Debug|Any CPU
		{6352C050-AEDB-4DF9-85AB-3A250CB76F0C}.Release|Any CPU.ActiveCfg = Release|Any CPU
		{6352C050-AEDB-4DF9-85AB-3A250CB76F0C}.Release|Any CPU.Build.0 = Release|Any CPU
	EndGlobalSection
	GlobalSection(SolutionProperties) = preSolution
		HideSolutionNode = FALSE
	EndGlobalSection
	GlobalSection(ExtensibilityGlobals) = postSolution
		SolutionGuid = {0A624963-5BBE-4787-B7B1-0FD81CD914D3}
	EndGlobalSection
EndGlobal
